{
  "originHash" : "42d8c7a3bd510b04da36095981399a7da8d5e1cc56509b7ac2ee796a16cfdf31",
  "pins" : [
    {
      "identity" : "swift-storybook",
      "kind" : "remoteSourceControl",
      "location" : "https://github.com/eure/swift-storybook",
      "state" : {
        "revision" : "996cf758c29f5460596275703ff9b0288d191031",
        "version" : "3.1.2"
      }
    }
  ],
  "version" : 3
}
